
Microsoft Visual Studio Solution File, Format Version 12.00
# Visual Studio 15
VisualStudioVersion = 15.0.26430.12
MinimumVisualStudioVersion = 10.0.40219.1
Project("{FAE04EC0-301F-11D3-BF4B-00C04F79EFBC}") = "TestHost", "test\TestHost\TestHost.csproj", "{198CABB3-0ABF-47CB-8D7A-2D7D7AE69A2D}"
EndProject
Project("{2150E333-8FDC-42A3-9474-1A3956D46DE8}") = "src", "src", "{5DD60CB7-56B1-45F2-971F-72F41C46554F}"
EndProject
Project("{2150E333-8FDC-42A3-9474-1A3956D46DE8}") = "tests", "tests", "{BF4B568F-F32A-46FA-8ED8-1172053A32FB}"
EndProject
Project("{9A19103F-16F7-4668-BE54-9A1E7A4F7556}") = "Orleans.TelemetryConsumers.Statsd", "src\Orleans.TelemetryConsumers.Statsd\Orleans.TelemetryConsumers.Statsd.csproj", "{EF62143D-C265-4409-B3F7-CB2BB23214D1}"
EndProject
Global
	GlobalSection(SolutionConfigurationPlatforms) = preSolution
		Debug|Any CPU = Debug|Any CPU
		Release with Analysis|Any CPU = Release with Analysis|Any CPU
		Release|Any CPU = Release|Any CPU
	EndGlobalSection
	GlobalSection(ProjectConfigurationPlatforms) = postSolution
		{198CABB3-0ABF-47CB-8D7A-2D7D7AE69A2D}.Debug|Any CPU.ActiveCfg = Debug|Any CPU
		{198CABB3-0ABF-47CB-8D7A-2D7D7AE69A2D}.Debug|Any CPU.Build.0 = Debug|Any CPU
		{198CABB3-0ABF-47CB-8D7A-2D7D7AE69A2D}.Release with Analysis|Any CPU.ActiveCfg = Release|Any CPU
		{198CABB3-0ABF-47CB-8D7A-2D7D7AE69A2D}.Release with Analysis|Any CPU.Build.0 = Release|Any CPU
		{198CABB3-0ABF-47CB-8D7A-2D7D7AE69A2D}.Release|Any CPU.ActiveCfg = Release|Any CPU
		{198CABB3-0ABF-47CB-8D7A-2D7D7AE69A2D}.Release|Any CPU.Build.0 = Release|Any CPU
		{EF62143D-C265-4409-B3F7-CB2BB23214D1}.Debug|Any CPU.ActiveCfg = Debug|Any CPU
		{EF62143D-C265-4409-B3F7-CB2BB23214D1}.Debug|Any CPU.Build.0 = Debug|Any CPU
		{EF62143D-C265-4409-B3F7-CB2BB23214D1}.Release with Analysis|Any CPU.ActiveCfg = Release|Any CPU
		{EF62143D-C265-4409-B3F7-CB2BB23214D1}.Release with Analysis|Any CPU.Build.0 = Release|Any CPU
		{EF62143D-C265-4409-B3F7-CB2BB23214D1}.Release|Any CPU.ActiveCfg = Release|Any CPU
		{EF62143D-C265-4409-B3F7-CB2BB23214D1}.Release|Any CPU.Build.0 = Release|Any CPU
	EndGlobalSection
	GlobalSection(SolutionProperties) = preSolution
		HideSolutionNode = FALSE
	EndGlobalSection
	GlobalSection(NestedProjects) = preSolution
		{198CABB3-0ABF-47CB-8D7A-2D7D7AE69A2D} = {BF4B568F-F32A-46FA-8ED8-1172053A32FB}
		{EF62143D-C265-4409-B3F7-CB2BB23214D1} = {5DD60CB7-56B1-45F2-971F-72F41C46554F}
	EndGlobalSection
EndGlobal
